
Microsoft Visual Studio Solution File, Format Version 12.00
# Visual Studio Version 17
VisualStudioVersion = 17.7.34024.191
MinimumVisualStudioVersion = 10.0.40219.1
Project("{9A19103F-16F7-4668-BE54-9A1E7A4F7556}") = "Minaev.WebAPI", "src\Minaev.WebAPI\Minaev.WebAPI.csproj", "{E2B7E3F9-485A-47BC-8310-FDC766B3E8C3}"
EndProject
Project("{9A19103F-16F7-4668-BE54-9A1E7A4F7556}") = "Minaev.Domain", "src\Minaev.Domain\Minaev.Domain.csproj", "{A72AB1D9-22E6-442D-82CF-8265747BC437}"
EndProject
Project("{9A19103F-16F7-4668-BE54-9A1E7A4F7556}") = "Minaev.Services.Configurator", "src\Minaev.Services.Configurator\Minaev.Services.Configurator.csproj", "{196955C8-27A5-48D9-BF72-F291E6647DCC}"
EndProject
Project("{9A19103F-16F7-4668-BE54-9A1E7A4F7556}") = "Minaev.Services", "src\Minaev.Services\Minaev.Services.csproj", "{81046655-095E-4444-9EC9-D276B30AF97F}"
EndProject
Project("{9A19103F-16F7-4668-BE54-9A1E7A4F7556}") = "Minaev.Tools", "src\Minaev.Tools\Minaev.Tools.csproj", "{5CB0B3BB-12EA-4159-89C3-219E5D5BA981}"
EndProject
Project("{FAE04EC0-301F-11D3-BF4B-00C04F79EFBC}") = "EFConfigurator", "src\EFConfigurator\EFConfigurator.csproj", "{96998236-5DAF-4DF3-8859-3E621315741B}"
EndProject
Global
	GlobalSection(SolutionConfigurationPlatforms) = preSolution
		Debug|Any CPU = Debug|Any CPU
		Release|Any CPU = Release|Any CPU
	EndGlobalSection
	GlobalSection(ProjectConfigurationPlatforms) = postSolution
		{E2B7E3F9-485A-47BC-8310-FDC766B3E8C3}.Debug|Any CPU.ActiveCfg = Debug|Any CPU
		{E2B7E3F9-485A-47BC-8310-FDC766B3E8C3}.Debug|Any CPU.Build.0 = Debug|Any CPU
		{E2B7E3F9-485A-47BC-8310-FDC766B3E8C3}.Release|Any CPU.ActiveCfg = Release|Any CPU
		{E2B7E3F9-485A-47BC-8310-FDC766B3E8C3}.Release|Any CPU.Build.0 = Release|Any CPU
		{A72AB1D9-22E6-442D-82CF-8265747BC437}.Debug|Any CPU.ActiveCfg = Debug|Any CPU
		{A72AB1D9-22E6-442D-82CF-8265747BC437}.Debug|Any CPU.Build.0 = Debug|Any CPU
		{A72AB1D9-22E6-442D-82CF-8265747BC437}.Release|Any CPU.ActiveCfg = Release|Any CPU
		{A72AB1D9-22E6-442D-82CF-8265747BC437}.Release|Any CPU.Build.0 = Release|Any CPU
		{196955C8-27A5-48D9-BF72-F291E6647DCC}.Debug|Any CPU.ActiveCfg = Debug|Any CPU
		{196955C8-27A5-48D9-BF72-F291E6647DCC}.Debug|Any CPU.Build.0 = Debug|Any CPU
		{196955C8-27A5-48D9-BF72-F291E6647DCC}.Release|Any CPU.ActiveCfg = Release|Any CPU
		{196955C8-27A5-48D9-BF72-F291E6647DCC}.Release|Any CPU.Build.0 = Release|Any CPU
		{81046655-095E-4444-9EC9-D276B30AF97F}.Debug|Any CPU.ActiveCfg = Debug|Any CPU
		{81046655-095E-4444-9EC9-D276B30AF97F}.Debug|Any CPU.Build.0 = Debug|Any CPU
		{81046655-095E-4444-9EC9-D276B30AF97F}.Release|Any CPU.ActiveCfg = Release|Any CPU
		{81046655-095E-4444-9EC9-D276B30AF97F}.Release|Any CPU.Build.0 = Release|Any CPU
		{5CB0B3BB-12EA-4159-89C3-219E5D5BA981}.Debug|Any CPU.ActiveCfg = Debug|Any CPU
		{5CB0B3BB-12EA-4159-89C3-219E5D5BA981}.Debug|Any CPU.Build.0 = Debug|Any CPU
		{5CB0B3BB-12EA-4159-89C3-219E5D5BA981}.Release|Any CPU.ActiveCfg = Release|Any CPU
		{5CB0B3BB-12EA-4159-89C3-219E5D5BA981}.Release|Any CPU.Build.0 = Release|Any CPU
		{96998236-5DAF-4DF3-8859-3E621315741B}.Debug|Any CPU.ActiveCfg = Debug|Any CPU
		{96998236-5DAF-4DF3-8859-3E621315741B}.Debug|Any CPU.Build.0 = Debug|Any CPU
		{96998236-5DAF-4DF3-8859-3E621315741B}.Release|Any CPU.ActiveCfg = Release|Any CPU
		{96998236-5DAF-4DF3-8859-3E621315741B}.Release|Any CPU.Build.0 = Release|Any CPU
	EndGlobalSection
	GlobalSection(SolutionProperties) = preSolution
		HideSolutionNode = FALSE
	EndGlobalSection
	GlobalSection(ExtensibilityGlobals) = postSolution
		SolutionGuid = {DEF015EA-922E-4A72-99B0-DAF70849375E}
	EndGlobalSection
EndGlobal
